
Microsoft Visual Studio Solution File, Format Version 12.00
# Visual Studio Version 16
VisualStudioVersion = 16.0.29806.167
MinimumVisualStudioVersion = 10.0.40219.1
Project("{FAE04EC0-301F-11D3-BF4B-00C04F79EFBC}") = "EntityFrameworkCodeFirst", "EntityFrameworkCodeFirst\EntityFrameworkCodeFirst.csproj", "{75446AAC-A210-423D-854C-63E885397EBD}"
EndProject
Global
	GlobalSection(SolutionConfigurationPlatforms) = preSolution
		Debug|Any CPU = Debug|Any CPU
		Release|Any CPU = Release|Any CPU
	EndGlobalSection
	GlobalSection(ProjectConfigurationPlatforms) = postSolution
		{75446AAC-A210-423D-854C-63E885397EBD}.Debug|Any CPU.ActiveCfg = Debug|Any CPU
		{75446AAC-A210-423D-854C-63E885397EBD}.Debug|Any CPU.Build.0 = Debug|Any CPU
		{75446AAC-A210-423D-854C-63E885397EBD}.Release|Any CPU.ActiveCfg = Release|Any CPU
		{75446AAC-A210-423D-854C-63E885397EBD}.Release|Any CPU.Build.0 = Release|Any CPU
	EndGlobalSection
	GlobalSection(SolutionProperties) = preSolution
		HideSolutionNode = FALSE
	EndGlobalSection
	GlobalSection(ExtensibilityGlobals) = postSolution
		SolutionGuid = {EFA0F11E-F343-4E41-B401-0993F5B9E460}
	EndGlobalSection
EndGlobal
