
Microsoft Visual Studio Solution File, Format Version 12.00
# Visual Studio Version 16
VisualStudioVersion = 16.0.29806.167
MinimumVisualStudioVersion = 10.0.40219.1
Project("{FAE04EC0-301F-11D3-BF4B-00C04F79EFBC}") = "StudentDAO", "StudentDAO\StudentDAO.csproj", "{4C4CB793-D3BD-4B7E-A247-E2F56FE946B3}"
EndProject
Project("{FAE04EC0-301F-11D3-BF4B-00C04F79EFBC}") = "StudentDAOTests", "StudentDAOTests\StudentDAOTests.csproj", "{4BA435E4-25AB-4C6F-A24A-9B13FDE786BA}"
EndProject
Project("{2150E333-8FDC-42A3-9474-1A3956D46DE8}") = "1st Exercice", "1st Exercice", "{812CC541-F085-4A53-86BB-4D3C65F8F955}"
EndProject
Project("{FAE04EC0-301F-11D3-BF4B-00C04F79EFBC}") = "EntityFrameworkCodeFirst", "EntityFrameworkCodeFirst\EntityFrameworkCodeFirst.csproj", "{75446AAC-A210-423D-854C-63E885397EBD}"
EndProject
Project("{2150E333-8FDC-42A3-9474-1A3956D46DE8}") = "3rd Exercice", "3rd Exercice", "{DFE8AA48-2ED3-4B76-BDF3-F8AA0BB31288}"
EndProject
Project("{FAE04EC0-301F-11D3-BF4B-00C04F79EFBC}") = "EntityFrameworkCodeFirstTests1", "EntityFrameworkCodeFirstTests1\EntityFrameworkCodeFirstTests1.csproj", "{B8A3D73A-EB8C-4709-8FFC-86A7F1D22475}"
EndProject
Project("{2150E333-8FDC-42A3-9474-1A3956D46DE8}") = "2nd Exercice", "2nd Exercice", "{3AB87BDA-2D43-4241-8637-0FB5DEBED9FD}"
EndProject
Project("{FAE04EC0-301F-11D3-BF4B-00C04F79EFBC}") = "StoredProcedures", "StoredProcedures\StoredProcedures.csproj", "{784642A6-D474-4540-8546-457C23C7F7DD}"
EndProject
Project("{FAE04EC0-301F-11D3-BF4B-00C04F79EFBC}") = "StoredProceduresTests", "StoredProceduresTests\StoredProceduresTests.csproj", "{A789788F-CC68-4B05-8D85-3F0434CBA2D4}"
EndProject
Project("{2150E333-8FDC-42A3-9474-1A3956D46DE8}") = "4th Exercice", "4th Exercice", "{EB8DC03E-9D32-4D36-8BE3-33F3B674F464}"
EndProject
Project("{FAE04EC0-301F-11D3-BF4B-00C04F79EFBC}") = "EntityFrameworkDatabaseFirst", "EntityFrameworkDatabaseFirst\EntityFrameworkDatabaseFirst.csproj", "{182D4755-0009-46BC-8C0C-11F86ED64F71}"
EndProject
Project("{FAE04EC0-301F-11D3-BF4B-00C04F79EFBC}") = "EntityFrameworkDatabaseFirstTests1", "EntityFrameworkDatabaseFirstTests1\EntityFrameworkDatabaseFirstTests1.csproj", "{B2FF9FB8-8FBE-4805-938C-FA2ECE8B1A16}"
EndProject
Project("{2150E333-8FDC-42A3-9474-1A3956D46DE8}") = "5th Exercice", "5th Exercice", "{2E45295D-06E6-4FB1-A1AF-FE9A4B478171}"
EndProject
Project("{FAE04EC0-301F-11D3-BF4B-00C04F79EFBC}") = "Dapper", "Dapper\Dapper.csproj", "{3F79AD10-B6C0-47B5-B9E8-904EF21BB655}"
EndProject
Project("{FAE04EC0-301F-11D3-BF4B-00C04F79EFBC}") = "DapperTests", "DapperTests\DapperTests.csproj", "{4D1D6EEA-4C5E-42BE-BE2F-40FCDA080698}"
EndProject
Global
	GlobalSection(SolutionConfigurationPlatforms) = preSolution
		Debug|Any CPU = Debug|Any CPU
		Release|Any CPU = Release|Any CPU
	EndGlobalSection
	GlobalSection(ProjectConfigurationPlatforms) = postSolution
		{4C4CB793-D3BD-4B7E-A247-E2F56FE946B3}.Debug|Any CPU.ActiveCfg = Debug|Any CPU
		{4C4CB793-D3BD-4B7E-A247-E2F56FE946B3}.Debug|Any CPU.Build.0 = Debug|Any CPU
		{4C4CB793-D3BD-4B7E-A247-E2F56FE946B3}.Release|Any CPU.ActiveCfg = Release|Any CPU
		{4C4CB793-D3BD-4B7E-A247-E2F56FE946B3}.Release|Any CPU.Build.0 = Release|Any CPU
		{4BA435E4-25AB-4C6F-A24A-9B13FDE786BA}.Debug|Any CPU.ActiveCfg = Debug|Any CPU
		{4BA435E4-25AB-4C6F-A24A-9B13FDE786BA}.Debug|Any CPU.Build.0 = Debug|Any CPU
		{4BA435E4-25AB-4C6F-A24A-9B13FDE786BA}.Release|Any CPU.ActiveCfg = Release|Any CPU
		{4BA435E4-25AB-4C6F-A24A-9B13FDE786BA}.Release|Any CPU.Build.0 = Release|Any CPU
		{75446AAC-A210-423D-854C-63E885397EBD}.Debug|Any CPU.ActiveCfg = Debug|Any CPU
		{75446AAC-A210-423D-854C-63E885397EBD}.Debug|Any CPU.Build.0 = Debug|Any CPU
		{75446AAC-A210-423D-854C-63E885397EBD}.Release|Any CPU.ActiveCfg = Release|Any CPU
		{75446AAC-A210-423D-854C-63E885397EBD}.Release|Any CPU.Build.0 = Release|Any CPU
		{B8A3D73A-EB8C-4709-8FFC-86A7F1D22475}.Debug|Any CPU.ActiveCfg = Debug|Any CPU
		{B8A3D73A-EB8C-4709-8FFC-86A7F1D22475}.Debug|Any CPU.Build.0 = Debug|Any CPU
		{B8A3D73A-EB8C-4709-8FFC-86A7F1D22475}.Release|Any CPU.ActiveCfg = Release|Any CPU
		{B8A3D73A-EB8C-4709-8FFC-86A7F1D22475}.Release|Any CPU.Build.0 = Release|Any CPU
		{784642A6-D474-4540-8546-457C23C7F7DD}.Debug|Any CPU.ActiveCfg = Debug|Any CPU
		{784642A6-D474-4540-8546-457C23C7F7DD}.Debug|Any CPU.Build.0 = Debug|Any CPU
		{784642A6-D474-4540-8546-457C23C7F7DD}.Release|Any CPU.ActiveCfg = Release|Any CPU
		{784642A6-D474-4540-8546-457C23C7F7DD}.Release|Any CPU.Build.0 = Release|Any CPU
		{A789788F-CC68-4B05-8D85-3F0434CBA2D4}.Debug|Any CPU.ActiveCfg = Debug|Any CPU
		{A789788F-CC68-4B05-8D85-3F0434CBA2D4}.Debug|Any CPU.Build.0 = Debug|Any CPU
		{A789788F-CC68-4B05-8D85-3F0434CBA2D4}.Release|Any CPU.ActiveCfg = Release|Any CPU
		{A789788F-CC68-4B05-8D85-3F0434CBA2D4}.Release|Any CPU.Build.0 = Release|Any CPU
		{182D4755-0009-46BC-8C0C-11F86ED64F71}.Debug|Any CPU.ActiveCfg = Debug|Any CPU
		{182D4755-0009-46BC-8C0C-11F86ED64F71}.Debug|Any CPU.Build.0 = Debug|Any CPU
		{182D4755-0009-46BC-8C0C-11F86ED64F71}.Release|Any CPU.ActiveCfg = Release|Any CPU
		{182D4755-0009-46BC-8C0C-11F86ED64F71}.Release|Any CPU.Build.0 = Release|Any CPU
		{B2FF9FB8-8FBE-4805-938C-FA2ECE8B1A16}.Debug|Any CPU.ActiveCfg = Debug|Any CPU
		{B2FF9FB8-8FBE-4805-938C-FA2ECE8B1A16}.Debug|Any CPU.Build.0 = Debug|Any CPU
		{B2FF9FB8-8FBE-4805-938C-FA2ECE8B1A16}.Release|Any CPU.ActiveCfg = Release|Any CPU
		{B2FF9FB8-8FBE-4805-938C-FA2ECE8B1A16}.Release|Any CPU.Build.0 = Release|Any CPU
		{3F79AD10-B6C0-47B5-B9E8-904EF21BB655}.Debug|Any CPU.ActiveCfg = Debug|Any CPU
		{3F79AD10-B6C0-47B5-B9E8-904EF21BB655}.Debug|Any CPU.Build.0 = Debug|Any CPU
		{3F79AD10-B6C0-47B5-B9E8-904EF21BB655}.Release|Any CPU.ActiveCfg = Release|Any CPU
		{3F79AD10-B6C0-47B5-B9E8-904EF21BB655}.Release|Any CPU.Build.0 = Release|Any CPU
		{4D1D6EEA-4C5E-42BE-BE2F-40FCDA080698}.Debug|Any CPU.ActiveCfg = Debug|Any CPU
		{4D1D6EEA-4C5E-42BE-BE2F-40FCDA080698}.Debug|Any CPU.Build.0 = Debug|Any CPU
		{4D1D6EEA-4C5E-42BE-BE2F-40FCDA080698}.Release|Any CPU.ActiveCfg = Release|Any CPU
		{4D1D6EEA-4C5E-42BE-BE2F-40FCDA080698}.Release|Any CPU.Build.0 = Release|Any CPU
	EndGlobalSection
	GlobalSection(SolutionProperties) = preSolution
		HideSolutionNode = FALSE
	EndGlobalSection
	GlobalSection(NestedProjects) = preSolution
		{4C4CB793-D3BD-4B7E-A247-E2F56FE946B3} = {812CC541-F085-4A53-86BB-4D3C65F8F955}
		{4BA435E4-25AB-4C6F-A24A-9B13FDE786BA} = {812CC541-F085-4A53-86BB-4D3C65F8F955}
		{75446AAC-A210-423D-854C-63E885397EBD} = {DFE8AA48-2ED3-4B76-BDF3-F8AA0BB31288}
		{B8A3D73A-EB8C-4709-8FFC-86A7F1D22475} = {DFE8AA48-2ED3-4B76-BDF3-F8AA0BB31288}
		{784642A6-D474-4540-8546-457C23C7F7DD} = {3AB87BDA-2D43-4241-8637-0FB5DEBED9FD}
		{A789788F-CC68-4B05-8D85-3F0434CBA2D4} = {3AB87BDA-2D43-4241-8637-0FB5DEBED9FD}
		{182D4755-0009-46BC-8C0C-11F86ED64F71} = {EB8DC03E-9D32-4D36-8BE3-33F3B674F464}
		{B2FF9FB8-8FBE-4805-938C-FA2ECE8B1A16} = {EB8DC03E-9D32-4D36-8BE3-33F3B674F464}
		{3F79AD10-B6C0-47B5-B9E8-904EF21BB655} = {2E45295D-06E6-4FB1-A1AF-FE9A4B478171}
		{4D1D6EEA-4C5E-42BE-BE2F-40FCDA080698} = {2E45295D-06E6-4FB1-A1AF-FE9A4B478171}
	EndGlobalSection
	GlobalSection(ExtensibilityGlobals) = postSolution
		SolutionGuid = {EFA0F11E-F343-4E41-B401-0993F5B9E460}
	EndGlobalSection
EndGlobal
